
Microsoft Visual Studio Solution File, Format Version 12.00
# Visual Studio Version 17
VisualStudioVersion = 17.0.31903.59
MinimumVisualStudioVersion = 10.0.40219.1
Project("{F2A71F9B-5D33-465A-A702-920D77279786}") = "Converter.Benchmark", "Converter.Benchmark\Converter.Benchmark.fsproj", "{DFA6ED47-BD61-4FF8-87D9-32B237BC1905}"
EndProject
Project("{F2A71F9B-5D33-465A-A702-920D77279786}") = "DispatchBenchmark", "Dispatch.Benchmark\DispatchBenchmark.fsproj", "{34E17BF3-F41C-40E4-8A1E-B03873392EBF}"
EndProject
Project("{F2A71F9B-5D33-465A-A702-920D77279786}") = "Shift.Benchmark", "Shift.Benchmark\Shift.Benchmark.fsproj", "{94CB47AC-5380-4A89-9716-2AC538C90ABE}"
EndProject
Global
	GlobalSection(SolutionConfigurationPlatforms) = preSolution
		Debug|Any CPU = Debug|Any CPU
		Release|Any CPU = Release|Any CPU
	EndGlobalSection
	GlobalSection(SolutionProperties) = preSolution
		HideSolutionNode = FALSE
	EndGlobalSection
	GlobalSection(ProjectConfigurationPlatforms) = postSolution
		{DFA6ED47-BD61-4FF8-87D9-32B237BC1905}.Debug|Any CPU.ActiveCfg = Debug|Any CPU
		{DFA6ED47-BD61-4FF8-87D9-32B237BC1905}.Debug|Any CPU.Build.0 = Debug|Any CPU
		{DFA6ED47-BD61-4FF8-87D9-32B237BC1905}.Release|Any CPU.ActiveCfg = Release|Any CPU
		{DFA6ED47-BD61-4FF8-87D9-32B237BC1905}.Release|Any CPU.Build.0 = Release|Any CPU
		{34E17BF3-F41C-40E4-8A1E-B03873392EBF}.Debug|Any CPU.ActiveCfg = Debug|Any CPU
		{34E17BF3-F41C-40E4-8A1E-B03873392EBF}.Debug|Any CPU.Build.0 = Debug|Any CPU
		{34E17BF3-F41C-40E4-8A1E-B03873392EBF}.Release|Any CPU.ActiveCfg = Release|Any CPU
		{34E17BF3-F41C-40E4-8A1E-B03873392EBF}.Release|Any CPU.Build.0 = Release|Any CPU
		{94CB47AC-5380-4A89-9716-2AC538C90ABE}.Debug|Any CPU.ActiveCfg = Debug|Any CPU
		{94CB47AC-5380-4A89-9716-2AC538C90ABE}.Debug|Any CPU.Build.0 = Debug|Any CPU
		{94CB47AC-5380-4A89-9716-2AC538C90ABE}.Release|Any CPU.ActiveCfg = Release|Any CPU
		{94CB47AC-5380-4A89-9716-2AC538C90ABE}.Release|Any CPU.Build.0 = Release|Any CPU
	EndGlobalSection
EndGlobal
