
Microsoft Visual Studio Solution File, Format Version 12.00
# Visual Studio Version 17
VisualStudioVersion = 17.4.33122.133
MinimumVisualStudioVersion = 10.0.40219.1
Project("{F2A71F9B-5D33-465A-A702-920D77279786}") = "DispatchBenchmark", "DispatchBenchmark.fsproj", "{0CAC7393-139E-4C9E-8A0B-2B023DFF9D64}"
EndProject
Global
	GlobalSection(SolutionConfigurationPlatforms) = preSolution
		Debug|Any CPU = Debug|Any CPU
		Release|Any CPU = Release|Any CPU
	EndGlobalSection
	GlobalSection(ProjectConfigurationPlatforms) = postSolution
		{0CAC7393-139E-4C9E-8A0B-2B023DFF9D64}.Debug|Any CPU.ActiveCfg = Debug|Any CPU
		{0CAC7393-139E-4C9E-8A0B-2B023DFF9D64}.Debug|Any CPU.Build.0 = Debug|Any CPU
		{0CAC7393-139E-4C9E-8A0B-2B023DFF9D64}.Release|Any CPU.ActiveCfg = Release|Any CPU
		{0CAC7393-139E-4C9E-8A0B-2B023DFF9D64}.Release|Any CPU.Build.0 = Release|Any CPU
	EndGlobalSection
	GlobalSection(SolutionProperties) = preSolution
		HideSolutionNode = FALSE
	EndGlobalSection
	GlobalSection(ExtensibilityGlobals) = postSolution
		SolutionGuid = {1E75B4FB-8833-4BF8-A60A-EC15DE764296}
	EndGlobalSection
EndGlobal
