
Microsoft Visual Studio Solution File, Format Version 12.00
# Visual Studio Version 17
VisualStudioVersion = 17.0.31903.59
MinimumVisualStudioVersion = 10.0.40219.1
Project("{6EC3EE1D-3C4E-46DD-8F32-0CC8E7565705}") = "Clojure.BigArith", "Clojure.BigArith\Clojure.BigArith.fsproj", "{1E4BE39F-AA0A-4136-A3C4-04F1DFA13872}"
EndProject
Project("{6EC3EE1D-3C4E-46DD-8F32-0CC8E7565705}") = "Clojure.BigArith.Tests", "Clojure.BigArith.Tests\Clojure.BigArith.Tests.fsproj", "{9FD60C2A-6DA3-446B-91A7-E134FFF4AC36}"
EndProject
Project("{6EC3EE1D-3C4E-46DD-8F32-0CC8E7565705}") = "Clojure.Collections", "Clojure.Collections\Clojure.Collections.fsproj", "{EC2C23B6-6736-4E67-BEBF-5736871447A5}"
EndProject
Project("{6EC3EE1D-3C4E-46DD-8F32-0CC8E7565705}") = "Clojure.Numerics", "Clojure.Numerics\Clojure.Numerics.fsproj", "{DA1BBD6D-4190-4D27-AD7A-6DD32CF2AEE6}"
EndProject
Project("{6EC3EE1D-3C4E-46DD-8F32-0CC8E7565705}") = "Clojure.Numerics.Tests", "Clojure.Numerics.Tests\Clojure.Numerics.Tests.fsproj", "{312214B0-0ED0-4126-89D3-5330B5CCED50}"
EndProject
Project("{6EC3EE1D-3C4E-46DD-8F32-0CC8E7565705}") = "Clojure.Collections.Tests", "Clojure.Collections.Tests\Clojure.Collections.Tests.fsproj", "{A63DAFF5-C664-4AAE-93B7-00D3C6A08BD8}"
EndProject
Project("{6EC3EE1D-3C4E-46DD-8F32-0CC8E7565705}") = "Clojure.Collections.Benchmarks", "Clojure.Collections.Benchmarks\Clojure.Collections.Benchmarks.fsproj", "{338490F0-0A4A-4F22-9689-2E9076F587EC}"
EndProject
Project("{6EC3EE1D-3C4E-46DD-8F32-0CC8E7565705}") = "Clojure.Collections.PerfTest", "Clojure.Collections.PerfTest\Clojure.Collections.PerfTest.fsproj", "{266B5EC2-9845-458C-BC3A-B7FAB73C6B80}"
EndProject
Project("{9A19103F-16F7-4668-BE54-9A1E7A4F7556}") = "BabyNumbers.CSharp", "BabyNumbers.CSharp\BabyNumbers.CSharp.csproj", "{CC17F5C7-0751-4688-8FF2-E5188F9FED6B}"
EndProject
Project("{F2A71F9B-5D33-465A-A702-920D77279786}") = "Clojure.Lib", "Clojure.Lib\Clojure.Lib.fsproj", "{6EC7063E-0445-4F57-8CC9-D7EB7DBC486D}"
EndProject
Global
	GlobalSection(SolutionConfigurationPlatforms) = preSolution
		Debug|Any CPU = Debug|Any CPU
		Release|Any CPU = Release|Any CPU
	EndGlobalSection
	GlobalSection(ProjectConfigurationPlatforms) = postSolution
		{1E4BE39F-AA0A-4136-A3C4-04F1DFA13872}.Debug|Any CPU.ActiveCfg = Debug|Any CPU
		{1E4BE39F-AA0A-4136-A3C4-04F1DFA13872}.Debug|Any CPU.Build.0 = Debug|Any CPU
		{1E4BE39F-AA0A-4136-A3C4-04F1DFA13872}.Release|Any CPU.ActiveCfg = Release|Any CPU
		{1E4BE39F-AA0A-4136-A3C4-04F1DFA13872}.Release|Any CPU.Build.0 = Release|Any CPU
		{9FD60C2A-6DA3-446B-91A7-E134FFF4AC36}.Debug|Any CPU.ActiveCfg = Debug|Any CPU
		{9FD60C2A-6DA3-446B-91A7-E134FFF4AC36}.Debug|Any CPU.Build.0 = Debug|Any CPU
		{9FD60C2A-6DA3-446B-91A7-E134FFF4AC36}.Release|Any CPU.ActiveCfg = Release|Any CPU
		{9FD60C2A-6DA3-446B-91A7-E134FFF4AC36}.Release|Any CPU.Build.0 = Release|Any CPU
		{EC2C23B6-6736-4E67-BEBF-5736871447A5}.Debug|Any CPU.ActiveCfg = Debug|Any CPU
		{EC2C23B6-6736-4E67-BEBF-5736871447A5}.Debug|Any CPU.Build.0 = Debug|Any CPU
		{EC2C23B6-6736-4E67-BEBF-5736871447A5}.Release|Any CPU.ActiveCfg = Release|Any CPU
		{EC2C23B6-6736-4E67-BEBF-5736871447A5}.Release|Any CPU.Build.0 = Release|Any CPU
		{DA1BBD6D-4190-4D27-AD7A-6DD32CF2AEE6}.Debug|Any CPU.ActiveCfg = Debug|Any CPU
		{DA1BBD6D-4190-4D27-AD7A-6DD32CF2AEE6}.Debug|Any CPU.Build.0 = Debug|Any CPU
		{DA1BBD6D-4190-4D27-AD7A-6DD32CF2AEE6}.Release|Any CPU.ActiveCfg = Release|Any CPU
		{DA1BBD6D-4190-4D27-AD7A-6DD32CF2AEE6}.Release|Any CPU.Build.0 = Release|Any CPU
		{312214B0-0ED0-4126-89D3-5330B5CCED50}.Debug|Any CPU.ActiveCfg = Debug|Any CPU
		{312214B0-0ED0-4126-89D3-5330B5CCED50}.Debug|Any CPU.Build.0 = Debug|Any CPU
		{312214B0-0ED0-4126-89D3-5330B5CCED50}.Release|Any CPU.ActiveCfg = Release|Any CPU
		{312214B0-0ED0-4126-89D3-5330B5CCED50}.Release|Any CPU.Build.0 = Release|Any CPU
		{A63DAFF5-C664-4AAE-93B7-00D3C6A08BD8}.Debug|Any CPU.ActiveCfg = Debug|Any CPU
		{A63DAFF5-C664-4AAE-93B7-00D3C6A08BD8}.Debug|Any CPU.Build.0 = Debug|Any CPU
		{A63DAFF5-C664-4AAE-93B7-00D3C6A08BD8}.Release|Any CPU.ActiveCfg = Release|Any CPU
		{A63DAFF5-C664-4AAE-93B7-00D3C6A08BD8}.Release|Any CPU.Build.0 = Release|Any CPU
		{338490F0-0A4A-4F22-9689-2E9076F587EC}.Debug|Any CPU.ActiveCfg = Debug|Any CPU
		{338490F0-0A4A-4F22-9689-2E9076F587EC}.Debug|Any CPU.Build.0 = Debug|Any CPU
		{338490F0-0A4A-4F22-9689-2E9076F587EC}.Release|Any CPU.ActiveCfg = Release|Any CPU
		{338490F0-0A4A-4F22-9689-2E9076F587EC}.Release|Any CPU.Build.0 = Release|Any CPU
		{266B5EC2-9845-458C-BC3A-B7FAB73C6B80}.Debug|Any CPU.ActiveCfg = Debug|Any CPU
		{266B5EC2-9845-458C-BC3A-B7FAB73C6B80}.Debug|Any CPU.Build.0 = Debug|Any CPU
		{266B5EC2-9845-458C-BC3A-B7FAB73C6B80}.Release|Any CPU.ActiveCfg = Release|Any CPU
		{266B5EC2-9845-458C-BC3A-B7FAB73C6B80}.Release|Any CPU.Build.0 = Release|Any CPU
		{CC17F5C7-0751-4688-8FF2-E5188F9FED6B}.Debug|Any CPU.ActiveCfg = Debug|Any CPU
		{CC17F5C7-0751-4688-8FF2-E5188F9FED6B}.Debug|Any CPU.Build.0 = Debug|Any CPU
		{CC17F5C7-0751-4688-8FF2-E5188F9FED6B}.Release|Any CPU.ActiveCfg = Release|Any CPU
		{CC17F5C7-0751-4688-8FF2-E5188F9FED6B}.Release|Any CPU.Build.0 = Release|Any CPU
		{6EC7063E-0445-4F57-8CC9-D7EB7DBC486D}.Debug|Any CPU.ActiveCfg = Debug|Any CPU
		{6EC7063E-0445-4F57-8CC9-D7EB7DBC486D}.Debug|Any CPU.Build.0 = Debug|Any CPU
		{6EC7063E-0445-4F57-8CC9-D7EB7DBC486D}.Release|Any CPU.ActiveCfg = Release|Any CPU
		{6EC7063E-0445-4F57-8CC9-D7EB7DBC486D}.Release|Any CPU.Build.0 = Release|Any CPU
	EndGlobalSection
	GlobalSection(SolutionProperties) = preSolution
		HideSolutionNode = FALSE
	EndGlobalSection
	GlobalSection(ExtensibilityGlobals) = postSolution
		SolutionGuid = {F419F04D-CA81-4F6F-9FC5-52600C7B86B5}
	EndGlobalSection
EndGlobal
